
Microsoft Visual Studio Solution File, Format Version 12.00
# Visual Studio Version 16
VisualStudioVersion = 16.0.31129.286
MinimumVisualStudioVersion = 10.0.40219.1
Project("{2150E333-8FDC-42A3-9474-1A3956D46DE8}") = "Solution Items", "Solution Items", "{17028688-3699-4BC7-849F-A6B0F6E766BC}"
	ProjectSection(SolutionItems) = preProject
		.gitignore = .gitignore
		src\Directory.Build.props = src\Directory.Build.props
		.github\workflows\dotnet.yml = .github\workflows\dotnet.yml
		LICENSE = LICENSE
		README.md = README.md
	EndProjectSection
EndProject
Project("{2150E333-8FDC-42A3-9474-1A3956D46DE8}") = "libs", "libs", "{AC825B0D-39D1-4A6F-BAFF-CC00746D7A10}"
	ProjectSection(SolutionItems) = preProject
		src\libs\Directory.Build.props = src\libs\Directory.Build.props
	EndProjectSection
EndProject
Project("{9A19103F-16F7-4668-BE54-9A1E7A4F7556}") = "H.MaterialSkin", "src\libs\H.MaterialSkin\H.MaterialSkin.csproj", "{0B846EAB-CD5D-47F7-BEBA-C0F0E6F5C360}"
EndProject
Project("{2150E333-8FDC-42A3-9474-1A3956D46DE8}") = "apps", "apps", "{60A52E9C-E181-48AB-9AA6-E2D141142459}"
EndProject
Project("{9A19103F-16F7-4668-BE54-9A1E7A4F7556}") = "MaterialSkin.Example", "src\apps\MaterialSkin.Example\MaterialSkin.Example.csproj", "{E1B96220-B0BE-42E3-9C6B-4A335C6C4FB8}"
EndProject
Global
	GlobalSection(SolutionConfigurationPlatforms) = preSolution
		Debug|Any CPU = Debug|Any CPU
		Release|Any CPU = Release|Any CPU
	EndGlobalSection
	GlobalSection(ProjectConfigurationPlatforms) = postSolution
		{0B846EAB-CD5D-47F7-BEBA-C0F0E6F5C360}.Debug|Any CPU.ActiveCfg = Debug|Any CPU
		{0B846EAB-CD5D-47F7-BEBA-C0F0E6F5C360}.Debug|Any CPU.Build.0 = Debug|Any CPU
		{0B846EAB-CD5D-47F7-BEBA-C0F0E6F5C360}.Release|Any CPU.ActiveCfg = Release|Any CPU
		{0B846EAB-CD5D-47F7-BEBA-C0F0E6F5C360}.Release|Any CPU.Build.0 = Release|Any CPU
		{E1B96220-B0BE-42E3-9C6B-4A335C6C4FB8}.Debug|Any CPU.ActiveCfg = Debug|Any CPU
		{E1B96220-B0BE-42E3-9C6B-4A335C6C4FB8}.Debug|Any CPU.Build.0 = Debug|Any CPU
		{E1B96220-B0BE-42E3-9C6B-4A335C6C4FB8}.Release|Any CPU.ActiveCfg = Release|Any CPU
		{E1B96220-B0BE-42E3-9C6B-4A335C6C4FB8}.Release|Any CPU.Build.0 = Release|Any CPU
	EndGlobalSection
	GlobalSection(SolutionProperties) = preSolution
		HideSolutionNode = FALSE
	EndGlobalSection
	GlobalSection(NestedProjects) = preSolution
		{0B846EAB-CD5D-47F7-BEBA-C0F0E6F5C360} = {AC825B0D-39D1-4A6F-BAFF-CC00746D7A10}
		{E1B96220-B0BE-42E3-9C6B-4A335C6C4FB8} = {60A52E9C-E181-48AB-9AA6-E2D141142459}
	EndGlobalSection
	GlobalSection(ExtensibilityGlobals) = postSolution
		SolutionGuid = {0DF2ED56-BB31-432A-BE76-7C00E7541216}
	EndGlobalSection
EndGlobal
